// !$*UTF8*$!
{
	archiveVersion = 1;
	classes = {
	};
	objectVersion = 46;
	objects = {

/* Begin PBXBuildFile section */
		4E1AA5FA1DF94E72004CBB17 /* main.m in Sources */ = {isa = PBXBuildFile; fileRef = 4E1AA5F91DF94E72004CBB17 /* main.m */; };
		4E1AA5FD1DF94E72004CBB17 /* AppDelegate.m in Sources */ = {isa = PBXBuildFile; fileRef = 4E1AA5FC1DF94E72004CBB17 /* AppDelegate.m */; };
		4E1AA6001DF94E72004CBB17 /* ViewController.m in Sources */ = {isa = PBXBuildFile; fileRef = 4E1AA5FF1DF94E72004CBB17 /* ViewController.m */; };
		4E1AA6031DF94E72004CBB17 /* Main.storyboard in Resources */ = {isa = PBXBuildFile; fileRef = 4E1AA6011DF94E72004CBB17 /* Main.storyboard */; };
		4E1AA6051DF94E72004CBB17 /* Assets.xcassets in Resources */ = {isa = PBXBuildFile; fileRef = 4E1AA6041DF94E72004CBB17 /* Assets.xcassets */; };
		4E1AA6081DF94E72004CBB17 /* LaunchScreen.storyboard in Resources */ = {isa = PBXBuildFile; fileRef = 4E1AA6061DF94E72004CBB17 /* LaunchScreen.storyboard */; };
		4E1AA6131DF94E72004CBB17 /* WWModelTests.m in Sources */ = {isa = PBXBuildFile; fileRef = 4E1AA6121DF94E72004CBB17 /* WWModelTests.m */; };
		4E1AA6231DF94FA9004CBB17 /* Department.m in Sources */ = {isa = PBXBuildFile; fileRef = 4E1AA6201DF94FA9004CBB17 /* Department.m */; };
		4E1AA6241DF94FA9004CBB17 /* Employee.m in Sources */ = {isa = PBXBuildFile; fileRef = 4E1AA6221DF94FA9004CBB17 /* Employee.m */; };
		4E1AA6281DF9549F004CBB17 /* NSObject+WWModel.m in Sources */ = {isa = PBXBuildFile; fileRef = 4E1AA6271DF9549F004CBB17 /* NSObject+WWModel.m */; };
		4E1AA62B1DFA59A2004CBB17 /* WWReflection.m in Sources */ = {isa = PBXBuildFile; fileRef = 4E1AA62A1DFA59A2004CBB17 /* WWReflection.m */; };
/* End PBXBuildFile section */

/* Begin PBXContainerItemProxy section */
		4E1AA60F1DF94E72004CBB17 /* PBXContainerItemProxy */ = {
			isa = PBXContainerItemProxy;
			containerPortal = 4E1AA5ED1DF94E72004CBB17 /* Project object */;
			proxyType = 1;
			remoteGlobalIDString = 4E1AA5F41DF94E72004CBB17;
			remoteInfo = WWModel;
		};
/* End PBXContainerItemProxy section */

/* Begin PBXFileReference section */
		4E1AA5F51DF94E72004CBB17 /* WWModel.app */ = {isa = PBXFileReference; explicitFileType = wrapper.application; includeInIndex = 0; path = WWModel.app; sourceTree = BUILT_PRODUCTS_DIR; };
		4E1AA5F91DF94E72004CBB17 /* main.m */ = {isa = PBXFileReference; lastKnownFileType = sourcecode.c.objc; path = main.m; sourceTree = "<group>"; };
		4E1AA5FB1DF94E72004CBB17 /* AppDelegate.h */ = {isa = PBXFileReference; lastKnownFileType = sourcecode.c.h; path = AppDelegate.h; sourceTree = "<group>"; };
		4E1AA5FC1DF94E72004CBB17 /* AppDelegate.m */ = {isa = PBXFileReference; lastKnownFileType = sourcecode.c.objc; path = AppDelegate.m; sourceTree = "<group>"; };
		4E1AA5FE1DF94E72004CBB17 /* ViewController.h */ = {isa = PBXFileReference; lastKnownFileType = sourcecode.c.h; path = ViewController.h; sourceTree = "<group>"; };
		4E1AA5FF1DF94E72004CBB17 /* ViewController.m */ = {isa = PBXFileReference; lastKnownFileType = sourcecode.c.objc; path = ViewController.m; sourceTree = "<group>"; };
		4E1AA6021DF94E72004CBB17 /* Base */ = {isa = PBXFileReference; lastKnownFileType = file.storyboard; name = Base; path = Base.lproj/Main.storyboard; sourceTree = "<group>"; };
		4E1AA6041DF94E72004CBB17 /* Assets.xcassets */ = {isa = PBXFileReference; lastKnownFileType = folder.assetcatalog; path = Assets.xcassets; sourceTree = "<group>"; };
		4E1AA6071DF94E72004CBB17 /* Base */ = {isa = PBXFileReference; lastKnownFileType = file.storyboard; name = Base; path = Base.lproj/LaunchScreen.storyboard; sourceTree = "<group>"; };
		4E1AA6091DF94E72004CBB17 /* Info.plist */ = {isa = PBXFileReference; lastKnownFileType = text.plist.xml; path = Info.plist; sourceTree = "<group>"; };
		4E1AA60E1DF94E72004CBB17 /* WWModelTests.xctest */ = {isa = PBXFileReference; explicitFileType = wrapper.cfbundle; includeInIndex = 0; path = WWModelTests.xctest; sourceTree = BUILT_PRODUCTS_DIR; };
		4E1AA6121DF94E72004CBB17 /* WWModelTests.m */ = {isa = PBXFileReference; lastKnownFileType = sourcecode.c.objc; path = WWModelTests.m; sourceTree = "<group>"; };
		4E1AA6141DF94E72004CBB17 /* Info.plist */ = {isa = PBXFileReference; lastKnownFileType = text.plist.xml; path = Info.plist; sourceTree = "<group>"; };
		4E1AA61F1DF94FA9004CBB17 /* Department.h */ = {isa = PBXFileReference; fileEncoding = 4; lastKnownFileType = sourcecode.c.h; name = Department.h; path = Model/Department.h; sourceTree = "<group>"; };
		4E1AA6201DF94FA9004CBB17 /* Department.m */ = {isa = PBXFileReference; fileEncoding = 4; lastKnownFileType = sourcecode.c.objc; name = Department.m; path = Model/Department.m; sourceTree = "<group>"; };
		4E1AA6211DF94FA9004CBB17 /* Employee.h */ = {isa = PBXFileReference; fileEncoding = 4; lastKnownFileType = sourcecode.c.h; name = Employee.h; path = Model/Employee.h; sourceTree = "<group>"; };
		4E1AA6221DF94FA9004CBB17 /* Employee.m */ = {isa = PBXFileReference; fileEncoding = 4; lastKnownFileType = sourcecode.c.objc; name = Employee.m; path = Model/Employee.m; sourceTree = "<group>"; };
		4E1AA6261DF9549F004CBB17 /* NSObject+WWModel.h */ = {isa = PBXFileReference; fileEncoding = 4; lastKnownFileType = sourcecode.c.h; name = "NSObject+WWModel.h"; path = "Utilities/NSObject+WWModel.h"; sourceTree = "<group>"; };
		4E1AA6271DF9549F004CBB17 /* NSObject+WWModel.m */ = {isa = PBXFileReference; fileEncoding = 4; lastKnownFileType = sourcecode.c.objc; name = "NSObject+WWModel.m"; path = "Utilities/NSObject+WWModel.m"; sourceTree = "<group>"; };
		4E1AA6291DFA59A2004CBB17 /* WWReflection.h */ = {isa = PBXFileReference; fileEncoding = 4; lastKnownFileType = sourcecode.c.h; name = WWReflection.h; path = Utilities/WWReflection.h; sourceTree = "<group>"; };
		4E1AA62A1DFA59A2004CBB17 /* WWReflection.m */ = {isa = PBXFileReference; fileEncoding = 4; lastKnownFileType = sourcecode.c.objc; name = WWReflection.m; path = Utilities/WWReflection.m; sourceTree = "<group>"; };
/* End PBXFileReference section */

/* Begin PBXFrameworksBuildPhase section */
		4E1AA5F21DF94E72004CBB17 /* Frameworks */ = {
			isa = PBXFrameworksBuildPhase;
			buildActionMask = 2147483647;
			files = (
			);
			runOnlyForDeploymentPostprocessing = 0;
		};
		4E1AA60B1DF94E72004CBB17 /* Frameworks */ = {
			isa = PBXFrameworksBuildPhase;
			buildActionMask = 2147483647;
			files = (
			);
			runOnlyForDeploymentPostprocessing = 0;
		};
/* End PBXFrameworksBuildPhase section */

/* Begin PBXGroup section */
		4E1AA5EC1DF94E72004CBB17 = {
			isa = PBXGroup;
			children = (
				4E1AA5F71DF94E72004CBB17 /* WWModel */,
				4E1AA6111DF94E72004CBB17 /* WWModelTests */,
				4E1AA5F61DF94E72004CBB17 /* Products */,
			);
			sourceTree = "<group>";
		};
		4E1AA5F61DF94E72004CBB17 /* Products */ = {
			isa = PBXGroup;
			children = (
				4E1AA5F51DF94E72004CBB17 /* WWModel.app */,
				4E1AA60E1DF94E72004CBB17 /* WWModelTests.xctest */,
			);
			name = Products;
			sourceTree = "<group>";
		};
		4E1AA5F71DF94E72004CBB17 /* WWModel */ = {
			isa = PBXGroup;
			children = (
				4E1AA61E1DF94EC0004CBB17 /* Utilities */,
				4E1AA61D1DF94EAA004CBB17 /* Model */,
				4E1AA5FB1DF94E72004CBB17 /* AppDelegate.h */,
				4E1AA5FC1DF94E72004CBB17 /* AppDelegate.m */,
				4E1AA5FE1DF94E72004CBB17 /* ViewController.h */,
				4E1AA5FF1DF94E72004CBB17 /* ViewController.m */,
				4E1AA6011DF94E72004CBB17 /* Main.storyboard */,
				4E1AA6041DF94E72004CBB17 /* Assets.xcassets */,
				4E1AA6061DF94E72004CBB17 /* LaunchScreen.storyboard */,
				4E1AA6091DF94E72004CBB17 /* Info.plist */,
				4E1AA5F81DF94E72004CBB17 /* Supporting Files */,
			);
			path = WWModel;
			sourceTree = "<group>";
		};
		4E1AA5F81DF94E72004CBB17 /* Supporting Files */ = {
			isa = PBXGroup;
			children = (
				4E1AA5F91DF94E72004CBB17 /* main.m */,
			);
			name = "Supporting Files";
			sourceTree = "<group>";
		};
		4E1AA6111DF94E72004CBB17 /* WWModelTests */ = {
			isa = PBXGroup;
			children = (
				4E1AA6121DF94E72004CBB17 /* WWModelTests.m */,
				4E1AA6141DF94E72004CBB17 /* Info.plist */,
			);
			path = WWModelTests;
			sourceTree = "<group>";
		};
		4E1AA61D1DF94EAA004CBB17 /* Model */ = {
			isa = PBXGroup;
			children = (
				4E1AA61F1DF94FA9004CBB17 /* Department.h */,
				4E1AA6201DF94FA9004CBB17 /* Department.m */,
				4E1AA6211DF94FA9004CBB17 /* Employee.h */,
				4E1AA6221DF94FA9004CBB17 /* Employee.m */,
			);
			name = Model;
			sourceTree = "<group>";
		};
		4E1AA61E1DF94EC0004CBB17 /* Utilities */ = {
			isa = PBXGroup;
			children = (
				4E1AA6261DF9549F004CBB17 /* NSObject+WWModel.h */,
				4E1AA6271DF9549F004CBB17 /* NSObject+WWModel.m */,
				4E1AA6291DFA59A2004CBB17 /* WWReflection.h */,
				4E1AA62A1DFA59A2004CBB17 /* WWReflection.m */,
			);
			name = Utilities;
			sourceTree = "<group>";
		};
/* End PBXGroup section */

/* Begin PBXNativeTarget section */
		4E1AA5F41DF94E72004CBB17 /* WWModel */ = {
			isa = PBXNativeTarget;
			buildConfigurationList = 4E1AA6171DF94E72004CBB17 /* Build configuration list for PBXNativeTarget "WWModel" */;
			buildPhases = (
				4E1AA5F11DF94E72004CBB17 /* Sources */,
				4E1AA5F21DF94E72004CBB17 /* Frameworks */,
				4E1AA5F31DF94E72004CBB17 /* Resources */,
			);
			buildRules = (
			);
			dependencies = (
			);
			name = WWModel;
			productName = WWModel;
			productReference = 4E1AA5F51DF94E72004CBB17 /* WWModel.app */;
			productType = "com.apple.product-type.application";
		};
		4E1AA60D1DF94E72004CBB17 /* WWModelTests */ = {
			isa = PBXNativeTarget;
			buildConfigurationList = 4E1AA61A1DF94E72004CBB17 /* Build configuration list for PBXNativeTarget "WWModelTests" */;
			buildPhases = (
				4E1AA60A1DF94E72004CBB17 /* Sources */,
				4E1AA60B1DF94E72004CBB17 /* Frameworks */,
				4E1AA60C1DF94E72004CBB17 /* Resources */,
			);
			buildRules = (
			);
			dependencies = (
				4E1AA6101DF94E72004CBB17 /* PBXTargetDependency */,
			);
			name = WWModelTests;
			productName = WWModelTests;
			productReference = 4E1AA60E1DF94E72004CBB17 /* WWModelTests.xctest */;
			productType = "com.apple.product-type.bundle.unit-test";
		};
/* End PBXNativeTarget section */

/* Begin PBXProject section */
		4E1AA5ED1DF94E72004CBB17 /* Project object */ = {
			isa = PBXProject;
			attributes = {
				LastUpgradeCheck = 0810;
				ORGANIZATIONNAME = kook;
				TargetAttributes = {
					4E1AA5F41DF94E72004CBB17 = {
						CreatedOnToolsVersion = 8.1;
						ProvisioningStyle = Automatic;
					};
					4E1AA60D1DF94E72004CBB17 = {
						CreatedOnToolsVersion = 8.1;
						ProvisioningStyle = Automatic;
						TestTargetID = 4E1AA5F41DF94E72004CBB17;
					};
				};
			};
			buildConfigurationList = 4E1AA5F01DF94E72004CBB17 /* Build configuration list for PBXProject "WWModel" */;
			compatibilityVersion = "Xcode 3.2";
			developmentRegion = English;
			hasScannedForEncodings = 0;
			knownRegions = (
				en,
				Base,
			);
			mainGroup = 4E1AA5EC1DF94E72004CBB17;
			productRefGroup = 4E1AA5F61DF94E72004CBB17 /* Products */;
			projectDirPath = "";
			projectRoot = "";
			targets = (
				4E1AA5F41DF94E72004CBB17 /* WWModel */,
				4E1AA60D1DF94E72004CBB17 /* WWModelTests */,
			);
		};
/* End PBXProject section */

/* Begin PBXResourcesBuildPhase section */
		4E1AA5F31DF94E72004CBB17 /* Resources */ = {
			isa = PBXResourcesBuildPhase;
			buildActionMask = 2147483647;
			files = (
				4E1AA6081DF94E72004CBB17 /* LaunchScreen.storyboard in Resources */,
				4E1AA6051DF94E72004CBB17 /* Assets.xcassets in Resources */,
				4E1AA6031DF94E72004CBB17 /* Main.storyboard in Resources */,
			);
			runOnlyForDeploymentPostprocessing = 0;
		};
		4E1AA60C1DF94E72004CBB17 /* Resources */ = {
			isa = PBXResourcesBuildPhase;
			buildActionMask = 2147483647;
			files = (
			);
			runOnlyForDeploymentPostprocessing = 0;
		};
/* End PBXResourcesBuildPhase section */

/* Begin PBXSourcesBuildPhase section */
		4E1AA5F11DF94E72004CBB17 /* Sources */ = {
			isa = PBXSourcesBuildPhase;
			buildActionMask = 2147483647;
			files = (
				4E1AA6241DF94FA9004CBB17 /* Employee.m in Sources */,
				4E1AA6001DF94E72004CBB17 /* ViewController.m in Sources */,
				4E1AA62B1DFA59A2004CBB17 /* WWReflection.m in Sources */,
				4E1AA5FD1DF94E72004CBB17 /* AppDelegate.m in Sources */,
				4E1AA5FA1DF94E72004CBB17 /* main.m in Sources */,
				4E1AA6231DF94FA9004CBB17 /* Department.m in Sources */,
				4E1AA6281DF9549F004CBB17 /* NSObject+WWModel.m in Sources */,
			);
			runOnlyForDeploymentPostprocessing = 0;
		};
		4E1AA60A1DF94E72004CBB17 /* Sources */ = {
			isa = PBXSourcesBuildPhase;
			buildActionMask = 2147483647;
			files = (
				4E1AA6131DF94E72004CBB17 /* WWModelTests.m in Sources */,
			);
			runOnlyForDeploymentPostprocessing = 0;
		};
/* End PBXSourcesBuildPhase section */

/* Begin PBXTargetDependency section */
		4E1AA6101DF94E72004CBB17 /* PBXTargetDependency */ = {
			isa = PBXTargetDependency;
			target = 4E1AA5F41DF94E72004CBB17 /* WWModel */;
			targetProxy = 4E1AA60F1DF94E72004CBB17 /* PBXContainerItemProxy */;
		};
/* End PBXTargetDependency section */

/* Begin PBXVariantGroup section */
		4E1AA6011DF94E72004CBB17 /* Main.storyboard */ = {
			isa = PBXVariantGroup;
			children = (
				4E1AA6021DF94E72004CBB17 /* Base */,
			);
			name = Main.storyboard;
			sourceTree = "<group>";
		};
		4E1AA6061DF94E72004CBB17 /* LaunchScreen.storyboard */ = {
			isa = PBXVariantGroup;
			children = (
				4E1AA6071DF94E72004CBB17 /* Base */,
			);
			name = LaunchScreen.storyboard;
			sourceTree = "<group>";
		};
/* End PBXVariantGroup section */

/* Begin XCBuildConfiguration section */
		4E1AA6151DF94E72004CBB17 /* Debug */ = {
			isa = XCBuildConfiguration;
			buildSettings = {
				ALWAYS_SEARCH_USER_PATHS = NO;
				CLANG_ANALYZER_NONNULL = YES;
				CLANG_CXX_LANGUAGE_STANDARD = "gnu++0x";
				CLANG_CXX_LIBRARY = "libc++";
				CLANG_ENABLE_MODULES = YES;
				CLANG_ENABLE_OBJC_ARC = YES;
				CLANG_WARN_BOOL_CONVERSION = YES;
				CLANG_WARN_CONSTANT_CONVERSION = YES;
				CLANG_WARN_DIRECT_OBJC_ISA_USAGE = YES_ERROR;
				CLANG_WARN_DOCUMENTATION_COMMENTS = YES;
				CLANG_WARN_EMPTY_BODY = YES;
				CLANG_WARN_ENUM_CONVERSION = YES;
				CLANG_WARN_INFINITE_RECURSION = YES;
				CLANG_WARN_INT_CONVERSION = YES;
				CLANG_WARN_OBJC_ROOT_CLASS = YES_ERROR;
				CLANG_WARN_SUSPICIOUS_MOVES = YES;
				CLANG_WARN_UNREACHABLE_CODE = YES;
				CLANG_WARN__DUPLICATE_METHOD_MATCH = YES;
				"CODE_SIGN_IDENTITY[sdk=iphoneos*]" = "iPhone Developer";
				COPY_PHASE_STRIP = NO;
				DEBUG_INFORMATION_FORMAT = dwarf;
				ENABLE_STRICT_OBJC_MSGSEND = YES;
				ENABLE_TESTABILITY = YES;
				GCC_C_LANGUAGE_STANDARD = gnu99;
				GCC_DYNAMIC_NO_PIC = NO;
				GCC_NO_COMMON_BLOCKS = YES;
				GCC_OPTIMIZATION_LEVEL = 0;
				GCC_PREPROCESSOR_DEFINITIONS = (
					"DEBUG=1",
					"$(inherited)",
				);
				GCC_WARN_64_TO_32_BIT_CONVERSION = YES;
				GCC_WARN_ABOUT_RETURN_TYPE = YES_ERROR;
				GCC_WARN_UNDECLARED_SELECTOR = YES;
				GCC_WARN_UNINITIALIZED_AUTOS = YES_AGGRESSIVE;
				GCC_WARN_UNUSED_FUNCTION = YES;
				GCC_WARN_UNUSED_VARIABLE = YES;
				IPHONEOS_DEPLOYMENT_TARGET = 10.1;
				MTL_ENABLE_DEBUG_INFO = YES;
				ONLY_ACTIVE_ARCH = YES;
				SDKROOT = iphoneos;
			};
			name = Debug;
		};
		4E1AA6161DF94E72004CBB17 /* Release */ = {
			isa = XCBuildConfiguration;
			buildSettings = {
				ALWAYS_SEARCH_USER_PATHS = NO;
				CLANG_ANALYZER_NONNULL = YES;
				CLANG_CXX_LANGUAGE_STANDARD = "gnu++0x";
				CLANG_CXX_LIBRARY = "libc++";
				CLANG_ENABLE_MODULES = YES;
				CLANG_ENABLE_OBJC_ARC = YES;
				CLANG_WARN_BOOL_CONVERSION = YES;
				CLANG_WARN_CONSTANT_CONVERSION = YES;
				CLANG_WARN_DIRECT_OBJC_ISA_USAGE = YES_ERROR;
				CLANG_WARN_DOCUMENTATION_COMMENTS = YES;
				CLANG_WARN_EMPTY_BODY = YES;
				CLANG_WARN_ENUM_CONVERSION = YES;
				CLANG_WARN_INFINITE_RECURSION = YES;
				CLANG_WARN_INT_CONVERSION = YES;
				CLANG_WARN_OBJC_ROOT_CLASS = YES_ERROR;
				CLANG_WARN_SUSPICIOUS_MOVES = YES;
				CLANG_WARN_UNREACHABLE_CODE = YES;
				CLANG_WARN__DUPLICATE_METHOD_MATCH = YES;
				"CODE_SIGN_IDENTITY[sdk=iphoneos*]" = "iPhone Developer";
				COPY_PHASE_STRIP = NO;
				DEBUG_INFORMATION_FORMAT = "dwarf-with-dsym";
				ENABLE_NS_ASSERTIONS = NO;
				ENABLE_STRICT_OBJC_MSGSEND = YES;
				GCC_C_LANGUAGE_STANDARD = gnu99;
				GCC_NO_COMMON_BLOCKS = YES;
				GCC_WARN_64_TO_32_BIT_CONVERSION = YES;
				GCC_WARN_ABOUT_RETURN_TYPE = YES_ERROR;
				GCC_WARN_UNDECLARED_SELECTOR = YES;
				GCC_WARN_UNINITIALIZED_AUTOS = YES_AGGRESSIVE;
				GCC_WARN_UNUSED_FUNCTION = YES;
				GCC_WARN_UNUSED_VARIABLE = YES;
				IPHONEOS_DEPLOYMENT_TARGET = 10.1;
				MTL_ENABLE_DEBUG_INFO = NO;
				SDKROOT = iphoneos;
				VALIDATE_PRODUCT = YES;
			};
			name = Release;
		};
		4E1AA6181DF94E72004CBB17 /* Debug */ = {
			isa = XCBuildConfiguration;
			buildSettings = {
				ASSETCATALOG_COMPILER_APPICON_NAME = AppIcon;
				INFOPLIST_FILE = WWModel/Info.plist;
				LD_RUNPATH_SEARCH_PATHS = "$(inherited) @executable_path/Frameworks";
				PRODUCT_BUNDLE_IDENTIFIER = kook.WWModel;
				PRODUCT_NAME = "$(TARGET_NAME)";
			};
			name = Debug;
		};
		4E1AA6191DF94E72004CBB17 /* Release */ = {
			isa = XCBuildConfiguration;
			buildSettings = {
				ASSETCATALOG_COMPILER_APPICON_NAME = AppIcon;
				INFOPLIST_FILE = WWModel/Info.plist;
				LD_RUNPATH_SEARCH_PATHS = "$(inherited) @executable_path/Frameworks";
				PRODUCT_BUNDLE_IDENTIFIER = kook.WWModel;
				PRODUCT_NAME = "$(TARGET_NAME)";
			};
			name = Release;
		};
		4E1AA61B1DF94E72004CBB17 /* Debug */ = {
			isa = XCBuildConfiguration;
			buildSettings = {
				BUNDLE_LOADER = "$(TEST_HOST)";
				INFOPLIST_FILE = WWModelTests/Info.plist;
				LD_RUNPATH_SEARCH_PATHS = "$(inherited) @executable_path/Frameworks @loader_path/Frameworks";
				PRODUCT_BUNDLE_IDENTIFIER = kook.WWModelTests;
				PRODUCT_NAME = "$(TARGET_NAME)";
				TEST_HOST = "$(BUILT_PRODUCTS_DIR)/WWModel.app/WWModel";
			};
			name = Debug;
		};
		4E1AA61C1DF94E72004CBB17 /* Release */ = {
			isa = XCBuildConfiguration;
			buildSettings = {
				BUNDLE_LOADER = "$(TEST_HOST)";
				INFOPLIST_FILE = WWModelTests/Info.plist;
				LD_RUNPATH_SEARCH_PATHS = "$(inherited) @executable_path/Frameworks @loader_path/Frameworks";
				PRODUCT_BUNDLE_IDENTIFIER = kook.WWModelTests;
				PRODUCT_NAME = "$(TARGET_NAME)";
				TEST_HOST = "$(BUILT_PRODUCTS_DIR)/WWModel.app/WWModel";
			};
			name = Release;
		};
/* End XCBuildConfiguration section */

/* Begin XCConfigurationList section */
		4E1AA5F01DF94E72004CBB17 /* Build configuration list for PBXProject "WWModel" */ = {
			isa = XCConfigurationList;
			buildConfigurations = (
				4E1AA6151DF94E72004CBB17 /* Debug */,
				4E1AA6161DF94E72004CBB17 /* Release */,
			);
			defaultConfigurationIsVisible = 0;
			defaultConfigurationName = Release;
		};
		4E1AA6171DF94E72004CBB17 /* Build configuration list for PBXNativeTarget "WWModel" */ = {
			isa = XCConfigurationList;
			buildConfigurations = (
				4E1AA6181DF94E72004CBB17 /* Debug */,
				4E1AA6191DF94E72004CBB17 /* Release */,
			);
			defaultConfigurationIsVisible = 0;
		};
		4E1AA61A1DF94E72004CBB17 /* Build configuration list for PBXNativeTarget "WWModelTests" */ = {
			isa = XCConfigurationList;
			buildConfigurations = (
				4E1AA61B1DF94E72004CBB17 /* Debug */,
				4E1AA61C1DF94E72004CBB17 /* Release */,
			);
			defaultConfigurationIsVisible = 0;
		};
/* End XCConfigurationList section */
	};
	rootObject = 4E1AA5ED1DF94E72004CBB17 /* Project object */;
}
